
Microsoft Visual Studio Solution File, Format Version 12.00
# Visual Studio Version 17
VisualStudioVersion = 17.5.33502.453
MinimumVisualStudioVersion = 10.0.40219.1
Project("{9A19103F-16F7-4668-BE54-9A1E7A4F7556}") = "CarRentalBusiness", "CarRentalBusiness\CarRentalBusiness.csproj", "{489D939D-5DBD-44CD-8BF7-E9EAA54D7908}"
EndProject
Project("{9A19103F-16F7-4668-BE54-9A1E7A4F7556}") = "DataLayer", "DataLayer\DataLayer.csproj", "{712F33B5-2C5D-4109-A3DD-21CC7920AC92}"
EndProject
Project("{FAE04EC0-301F-11D3-BF4B-00C04F79EFBC}") = "Core", "Core\Core.csproj", "{F5888D7B-2EDF-4396-8F93-48C6B6261596}"
EndProject
Global
	GlobalSection(SolutionConfigurationPlatforms) = preSolution
		Debug|Any CPU = Debug|Any CPU
		Release|Any CPU = Release|Any CPU
	EndGlobalSection
	GlobalSection(ProjectConfigurationPlatforms) = postSolution
		{489D939D-5DBD-44CD-8BF7-E9EAA54D7908}.Debug|Any CPU.ActiveCfg = Debug|Any CPU
		{489D939D-5DBD-44CD-8BF7-E9EAA54D7908}.Debug|Any CPU.Build.0 = Debug|Any CPU
		{489D939D-5DBD-44CD-8BF7-E9EAA54D7908}.Release|Any CPU.ActiveCfg = Release|Any CPU
		{489D939D-5DBD-44CD-8BF7-E9EAA54D7908}.Release|Any CPU.Build.0 = Release|Any CPU
		{712F33B5-2C5D-4109-A3DD-21CC7920AC92}.Debug|Any CPU.ActiveCfg = Debug|Any CPU
		{712F33B5-2C5D-4109-A3DD-21CC7920AC92}.Debug|Any CPU.Build.0 = Debug|Any CPU
		{712F33B5-2C5D-4109-A3DD-21CC7920AC92}.Release|Any CPU.ActiveCfg = Release|Any CPU
		{712F33B5-2C5D-4109-A3DD-21CC7920AC92}.Release|Any CPU.Build.0 = Release|Any CPU
		{F5888D7B-2EDF-4396-8F93-48C6B6261596}.Debug|Any CPU.ActiveCfg = Debug|Any CPU
		{F5888D7B-2EDF-4396-8F93-48C6B6261596}.Debug|Any CPU.Build.0 = Debug|Any CPU
		{F5888D7B-2EDF-4396-8F93-48C6B6261596}.Release|Any CPU.ActiveCfg = Release|Any CPU
		{F5888D7B-2EDF-4396-8F93-48C6B6261596}.Release|Any CPU.Build.0 = Release|Any CPU
	EndGlobalSection
	GlobalSection(SolutionProperties) = preSolution
		HideSolutionNode = FALSE
	EndGlobalSection
	GlobalSection(ExtensibilityGlobals) = postSolution
		SolutionGuid = {B4CBD4DA-9B26-4BBD-A38E-3B4A7C3C357B}
	EndGlobalSection
EndGlobal
